{
  "name": "nearley-unicode",
  "version": "1.0.0",
  "lockfileVersion": 1,
  "requires": true,
  "dependencies": {
    "jsesc": {
      "version": "2.5.2",
      "resolved": "https://registry.npmjs.org/jsesc/-/jsesc-2.5.2.tgz",
      "integrity": "sha512-OYu7XEzjkCQ3C5Ps3QIZsQfNpqoJyZZA99wd9aWd05NCtC5pWOkShK2mkL6HXQR6/Cy2lbNdPlZBpuQHXE63gA=="
    },
    "unicode-9.0.0": {
      "version": "0.7.5",
      "resolved": "https://registry.npmjs.org/unicode-9.0.0/-/unicode-9.0.0-0.7.5.tgz",
      "integrity": "sha512-qAtQkeCKWPJuStgyxrD8/tO3zPEkX3TAS4zZTk4TKL/KKzDOsfA7SrJSgegqOYmsWIzxNqkhS8X+fWPWFxAdtQ==",
      "dev": true
    }
  }
}
