# THIS IS AN AUTOGENERATED FILE. DO NOT EDIT THIS FILE DIRECTLY.
# yarn lockfile v1


jsesc@^2.5.2:
  version "2.5.2"
  resolved "https://registry.yarnpkg.com/jsesc/-/jsesc-2.5.2.tgz#80564d2e483dacf6e8ef209650a67df3f0c283a4"

unicode-11.0.0@^0.7.8:
  version "0.7.8"
  resolved "https://registry.yarnpkg.com/unicode-11.0.0/-/unicode-11.0.0-0.7.8.tgz#5eecdd6c2802fdd6b260661c57921d0294aeea98"

unicode-9.0.0@^0.7.5:
  version "0.7.5"
  resolved "https://registry.yarnpkg.com/unicode-9.0.0/-/unicode-9.0.0-0.7.5.tgz#e71c9900a57a8ae608aa318112814f719de8e040"
